<?xml version="1.0" encoding="utf-8"?>
<Project ToolsVersion="4.0" xmlns="http://schemas.microsoft.com/developer/msbuild/2003">
  <ItemGroup>
    <Filter Include="Camo">
      <UniqueIdentifier>{0578837C-F1AE-840D-9A9B-6A1086B1000F}</UniqueIdentifier>
    </Filter>
  </ItemGroup>
  <ItemGroup>
    <ClInclude Include="src\Camo.h" />
    <ClInclude Include="src\Camo\Application.h">
      <Filter>Camo</Filter>
    </ClInclude>
    <ClInclude Include="src\Camo\Core.h">
      <Filter>Camo</Filter>
    </ClInclude>
    <ClInclude Include="src\Camo\EntryPoint.h">
      <Filter>Camo</Filter>
    </ClInclude>
    <ClInclude Include="src\Camo\Log.h">
      <Filter>Camo</Filter>
    </ClInclude>
  </ItemGroup>
  <ItemGroup>
    <ClCompile Include="src\Camo\Application.cpp">
      <Filter>Camo</Filter>
    </ClCompile>
    <ClCompile Include="src\Camo\Log.cpp">
      <Filter>Camo</Filter>
    </ClCompile>
  </ItemGroup>
</Project>